
Microsoft Visual Studio Solution File, Format Version 12.00
# Visual Studio Version 16
VisualStudioVersion = 16.0.30413.136
MinimumVisualStudioVersion = 10.0.40219.1
Project("{888888A0-9F3D-457C-B088-3A5042F75D52}") = "Emoji_Code_GUI_Zero", "Emoji_Code_GUI_Zero\Emoji_Code_GUI_Zero.pyproj", "{F89997F0-A9A7-4EA5-BC7D-4944A347DCF2}"
EndProject
Global
	GlobalSection(SolutionConfigurationPlatforms) = preSolution
		Debug|Any CPU = Debug|Any CPU
		Release|Any CPU = Release|Any CPU
	EndGlobalSection
	GlobalSection(ProjectConfigurationPlatforms) = postSolution
		{F89997F0-A9A7-4EA5-BC7D-4944A347DCF2}.Debug|Any CPU.ActiveCfg = Debug|Any CPU
		{F89997F0-A9A7-4EA5-BC7D-4944A347DCF2}.Release|Any CPU.ActiveCfg = Release|Any CPU
	EndGlobalSection
	GlobalSection(SolutionProperties) = preSolution
		HideSolutionNode = FALSE
	EndGlobalSection
	GlobalSection(ExtensibilityGlobals) = postSolution
		SolutionGuid = {A828A8C3-7D3A-44B3-9D3A-8824E8D77F4A}
	EndGlobalSection
EndGlobal
